// !$*UTF8*$!
{
	archiveVersion = 1;
	classes = {
	};
	objectVersion = 55;
	objects = {

/* Begin PBXBuildFile section */
		B84889F428EC70080052531F /* FirebaseAnalyticsWithoutAdIdSupport in Frameworks */ = {isa = PBXBuildFile; productRef = B84889F328EC70080052531F /* FirebaseAnalyticsWithoutAdIdSupport */; };
		B84889F628EC70080052531F /* FirebaseAuth in Frameworks */ = {isa = PBXBuildFile; productRef = B84889F528EC70080052531F /* FirebaseAuth */; };
		B84889F828EC70080052531F /* FirebaseDatabase in Frameworks */ = {isa = PBXBuildFile; productRef = B84889F728EC70080052531F /* FirebaseDatabase */; };
		B84889FA28EC70080052531F /* FirebaseDatabaseSwift in Frameworks */ = {isa = PBXBuildFile; productRef = B84889F928EC70080052531F /* FirebaseDatabaseSwift */; };
		B84889FC28EC70080052531F /* FirebaseDynamicLinks in Frameworks */ = {isa = PBXBuildFile; productRef = B84889FB28EC70080052531F /* FirebaseDynamicLinks */; };
		B84889FE28EC70080052531F /* FirebaseFirestore in Frameworks */ = {isa = PBXBuildFile; productRef = B84889FD28EC70080052531F /* FirebaseFirestore */; };
		B8488A0028EC70080052531F /* FirebaseFirestoreSwift in Frameworks */ = {isa = PBXBuildFile; productRef = B84889FF28EC70080052531F /* FirebaseFirestoreSwift */; };
		B8488A0228EC70080052531F /* FirebaseInAppMessaging-Beta in Frameworks */ = {isa = PBXBuildFile; productRef = B8488A0128EC70080052531F /* FirebaseInAppMessaging-Beta */; };
		B8488A0428EC70080052531F /* FirebaseInAppMessagingSwift-Beta in Frameworks */ = {isa = PBXBuildFile; productRef = B8488A0328EC70080052531F /* FirebaseInAppMessagingSwift-Beta */; };
		B8488A0628EC70080052531F /* FirebaseMessaging in Frameworks */ = {isa = PBXBuildFile; productRef = B8488A0528EC70080052531F /* FirebaseMessaging */; };
		B8488A0828EC70080052531F /* FirebaseStorage in Frameworks */ = {isa = PBXBuildFile; productRef = B8488A0728EC70080052531F /* FirebaseStorage */; };
		B8488A0A28EC70080052531F /* FirebaseStorageCombine-Community in Frameworks */ = {isa = PBXBuildFile; productRef = B8488A0928EC70080052531F /* FirebaseStorageCombine-Community */; };
		B8488A0E28ED4FCC0052531F /* GoogleSignIn in Frameworks */ = {isa = PBXBuildFile; productRef = B8488A0D28ED4FCC0052531F /* GoogleSignIn */; };
		B8488A1028ED4FCC0052531F /* GoogleSignInSwift in Frameworks */ = {isa = PBXBuildFile; productRef = B8488A0F28ED4FCC0052531F /* GoogleSignInSwift */; };
		B8488A1228ED5F800052531F /* GoogleService-Info.plist in Resources */ = {isa = PBXBuildFile; fileRef = B8488A1128ED5F800052531F /* GoogleService-Info.plist */; };
		B8C35E4D28EBDF34001EDE20 /* EcommerceGymApplicationApp.swift in Sources */ = {isa = PBXBuildFile; fileRef = B8C35E4C28EBDF34001EDE20 /* EcommerceGymApplicationApp.swift */; };
		B8C35E4F28EBDF34001EDE20 /* ContentView.swift in Sources */ = {isa = PBXBuildFile; fileRef = B8C35E4E28EBDF34001EDE20 /* ContentView.swift */; };
		B8C35E5128EBDF37001EDE20 /* Assets.xcassets in Resources */ = {isa = PBXBuildFile; fileRef = B8C35E5028EBDF37001EDE20 /* Assets.xcassets */; };
		B8C35E5428EBDF37001EDE20 /* Preview Assets.xcassets in Resources */ = {isa = PBXBuildFile; fileRef = B8C35E5328EBDF37001EDE20 /* Preview Assets.xcassets */; };
		B8C35E5E28EBDF37001EDE20 /* EcommerceGymApplicationTests.swift in Sources */ = {isa = PBXBuildFile; fileRef = B8C35E5D28EBDF37001EDE20 /* EcommerceGymApplicationTests.swift */; };
		B8C35E6828EBDF37001EDE20 /* EcommerceGymApplicationUITests.swift in Sources */ = {isa = PBXBuildFile; fileRef = B8C35E6728EBDF37001EDE20 /* EcommerceGymApplicationUITests.swift */; };
		B8C35E6A28EBDF37001EDE20 /* EcommerceGymApplicationUITestsLaunchTests.swift in Sources */ = {isa = PBXBuildFile; fileRef = B8C35E6928EBDF37001EDE20 /* EcommerceGymApplicationUITestsLaunchTests.swift */; };
		B8C35E7728EBE1FE001EDE20 /* OnBoardingScreenView.swift in Sources */ = {isa = PBXBuildFile; fileRef = B8C35E7628EBE1FD001EDE20 /* OnBoardingScreenView.swift */; };
		B8C35E7A28EBE288001EDE20 /* HomeScreen.swift in Sources */ = {isa = PBXBuildFile; fileRef = B8C35E7928EBE288001EDE20 /* HomeScreen.swift */; };
		B8C35E7D28EBE9A9001EDE20 /* ImageData.swift in Sources */ = {isa = PBXBuildFile; fileRef = B8C35E7C28EBE9A9001EDE20 /* ImageData.swift */; };
		B8C35E7F28EBE9BB001EDE20 /* NearYouData.swift in Sources */ = {isa = PBXBuildFile; fileRef = B8C35E7E28EBE9BB001EDE20 /* NearYouData.swift */; };
		B8C35E8128EBEB89001EDE20 /* FruitCard.swift in Sources */ = {isa = PBXBuildFile; fileRef = B8C35E8028EBEB89001EDE20 /* FruitCard.swift */; };
		B8C35E8328EBF18A001EDE20 /* DetailsView.swift in Sources */ = {isa = PBXBuildFile; fileRef = B8C35E8228EBF18A001EDE20 /* DetailsView.swift */; };
		B8C35E8528EBF1D3001EDE20 /* HoriZontalScrollView.swift in Sources */ = {isa = PBXBuildFile; fileRef = B8C35E8428EBF1D2001EDE20 /* HoriZontalScrollView.swift */; };
		B8C35E8728EC0334001EDE20 /* VerticalScrollView.swift in Sources */ = {isa = PBXBuildFile; fileRef = B8C35E8628EC0334001EDE20 /* VerticalScrollView.swift */; };
		B8C35E8928EC4326001EDE20 /* SplashScreen.swift in Sources */ = {isa = PBXBuildFile; fileRef = B8C35E8828EC4326001EDE20 /* SplashScreen.swift */; };
/* End PBXBuildFile section */

/* Begin PBXContainerItemProxy section */
		B8C35E5A28EBDF37001EDE20 /* PBXContainerItemProxy */ = {
			isa = PBXContainerItemProxy;
			containerPortal = B8C35E4128EBDF33001EDE20 /* Project object */;
			proxyType = 1;
			remoteGlobalIDString = B8C35E4828EBDF34001EDE20;
			remoteInfo = EcommerceGymApplication;
		};
		B8C35E6428EBDF37001EDE20 /* PBXContainerItemProxy */ = {
			isa = PBXContainerItemProxy;
			containerPortal = B8C35E4128EBDF33001EDE20 /* Project object */;
			proxyType = 1;
			remoteGlobalIDString = B8C35E4828EBDF34001EDE20;
			remoteInfo = EcommerceGymApplication;
		};
/* End PBXContainerItemProxy section */

/* Begin PBXFileReference section */
		B8488A0B28ED4E140052531F /* Info.plist */ = {isa = PBXFileReference; lastKnownFileType = text.plist; path = Info.plist; sourceTree = "<group>"; };
		B8488A1128ED5F800052531F /* GoogleService-Info.plist */ = {isa = PBXFileReference; fileEncoding = 4; lastKnownFileType = text.plist.xml; path = "GoogleService-Info.plist"; sourceTree = "<group>"; };
		B8C35E4928EBDF34001EDE20 /* EcommerceGymApplication.app */ = {isa = PBXFileReference; explicitFileType = wrapper.application; includeInIndex = 0; path = EcommerceGymApplication.app; sourceTree = BUILT_PRODUCTS_DIR; };
		B8C35E4C28EBDF34001EDE20 /* EcommerceGymApplicationApp.swift */ = {isa = PBXFileReference; lastKnownFileType = sourcecode.swift; path = EcommerceGymApplicationApp.swift; sourceTree = "<group>"; };
		B8C35E4E28EBDF34001EDE20 /* ContentView.swift */ = {isa = PBXFileReference; lastKnownFileType = sourcecode.swift; path = ContentView.swift; sourceTree = "<group>"; };
		B8C35E5028EBDF37001EDE20 /* Assets.xcassets */ = {isa = PBXFileReference; lastKnownFileType = folder.assetcatalog; path = Assets.xcassets; sourceTree = "<group>"; };
		B8C35E5328EBDF37001EDE20 /* Preview Assets.xcassets */ = {isa = PBXFileReference; lastKnownFileType = folder.assetcatalog; path = "Preview Assets.xcassets"; sourceTree = "<group>"; };
		B8C35E5928EBDF37001EDE20 /* EcommerceGymApplicationTests.xctest */ = {isa = PBXFileReference; explicitFileType = wrapper.cfbundle; includeInIndex = 0; path = EcommerceGymApplicationTests.xctest; sourceTree = BUILT_PRODUCTS_DIR; };
		B8C35E5D28EBDF37001EDE20 /* EcommerceGymApplicationTests.swift */ = {isa = PBXFileReference; lastKnownFileType = sourcecode.swift; path = EcommerceGymApplicationTests.swift; sourceTree = "<group>"; };
		B8C35E6328EBDF37001EDE20 /* EcommerceGymApplicationUITests.xctest */ = {isa = PBXFileReference; explicitFileType = wrapper.cfbundle; includeInIndex = 0; path = EcommerceGymApplicationUITests.xctest; sourceTree = BUILT_PRODUCTS_DIR; };
		B8C35E6728EBDF37001EDE20 /* EcommerceGymApplicationUITests.swift */ = {isa = PBXFileReference; lastKnownFileType = sourcecode.swift; path = EcommerceGymApplicationUITests.swift; sourceTree = "<group>"; };
		B8C35E6928EBDF37001EDE20 /* EcommerceGymApplicationUITestsLaunchTests.swift */ = {isa = PBXFileReference; lastKnownFileType = sourcecode.swift; path = EcommerceGymApplicationUITestsLaunchTests.swift; sourceTree = "<group>"; };
		B8C35E7628EBE1FD001EDE20 /* OnBoardingScreenView.swift */ = {isa = PBXFileReference; lastKnownFileType = sourcecode.swift; path = OnBoardingScreenView.swift; sourceTree = "<group>"; };
		B8C35E7928EBE288001EDE20 /* HomeScreen.swift */ = {isa = PBXFileReference; lastKnownFileType = sourcecode.swift; path = HomeScreen.swift; sourceTree = "<group>"; };
		B8C35E7C28EBE9A9001EDE20 /* ImageData.swift */ = {isa = PBXFileReference; lastKnownFileType = sourcecode.swift; path = ImageData.swift; sourceTree = "<group>"; };
		B8C35E7E28EBE9BB001EDE20 /* NearYouData.swift */ = {isa = PBXFileReference; lastKnownFileType = sourcecode.swift; path = NearYouData.swift; sourceTree = "<group>"; };
		B8C35E8028EBEB89001EDE20 /* FruitCard.swift */ = {isa = PBXFileReference; lastKnownFileType = sourcecode.swift; path = FruitCard.swift; sourceTree = "<group>"; };
		B8C35E8228EBF18A001EDE20 /* DetailsView.swift */ = {isa = PBXFileReference; lastKnownFileType = sourcecode.swift; path = DetailsView.swift; sourceTree = "<group>"; };
		B8C35E8428EBF1D2001EDE20 /* HoriZontalScrollView.swift */ = {isa = PBXFileReference; lastKnownFileType = sourcecode.swift; path = HoriZontalScrollView.swift; sourceTree = "<group>"; };
		B8C35E8628EC0334001EDE20 /* VerticalScrollView.swift */ = {isa = PBXFileReference; lastKnownFileType = sourcecode.swift; path = VerticalScrollView.swift; sourceTree = "<group>"; };
		B8C35E8828EC4326001EDE20 /* SplashScreen.swift */ = {isa = PBXFileReference; lastKnownFileType = sourcecode.swift; path = SplashScreen.swift; sourceTree = "<group>"; };
/* End PBXFileReference section */

/* Begin PBXFrameworksBuildPhase section */
		B8C35E4628EBDF34001EDE20 /* Frameworks */ = {
			isa = PBXFrameworksBuildPhase;
			buildActionMask = 2147483647;
			files = (
				B84889FA28EC70080052531F /* FirebaseDatabaseSwift in Frameworks */,
				B84889F828EC70080052531F /* FirebaseDatabase in Frameworks */,
				B8488A0628EC70080052531F /* FirebaseMessaging in Frameworks */,
				B8488A0E28ED4FCC0052531F /* GoogleSignIn in Frameworks */,
				B84889F428EC70080052531F /* FirebaseAnalyticsWithoutAdIdSupport in Frameworks */,
				B8488A0228EC70080052531F /* FirebaseInAppMessaging-Beta in Frameworks */,
				B8488A0028EC70080052531F /* FirebaseFirestoreSwift in Frameworks */,
				B84889F628EC70080052531F /* FirebaseAuth in Frameworks */,
				B84889FC28EC70080052531F /* FirebaseDynamicLinks in Frameworks */,
				B8488A1028ED4FCC0052531F /* GoogleSignInSwift in Frameworks */,
				B8488A0828EC70080052531F /* FirebaseStorage in Frameworks */,
				B8488A0428EC70080052531F /* FirebaseInAppMessagingSwift-Beta in Frameworks */,
				B8488A0A28EC70080052531F /* FirebaseStorageCombine-Community in Frameworks */,
				B84889FE28EC70080052531F /* FirebaseFirestore in Frameworks */,
			);
			runOnlyForDeploymentPostprocessing = 0;
		};
		B8C35E5628EBDF37001EDE20 /* Frameworks */ = {
			isa = PBXFrameworksBuildPhase;
			buildActionMask = 2147483647;
			files = (
			);
			runOnlyForDeploymentPostprocessing = 0;
		};
		B8C35E6028EBDF37001EDE20 /* Frameworks */ = {
			isa = PBXFrameworksBuildPhase;
			buildActionMask = 2147483647;
			files = (
			);
			runOnlyForDeploymentPostprocessing = 0;
		};
/* End PBXFrameworksBuildPhase section */

/* Begin PBXGroup section */
		B8C35E4028EBDF33001EDE20 = {
			isa = PBXGroup;
			children = (
				B8C35E4B28EBDF34001EDE20 /* EcommerceGymApplication */,
				B8C35E5C28EBDF37001EDE20 /* EcommerceGymApplicationTests */,
				B8C35E6628EBDF37001EDE20 /* EcommerceGymApplicationUITests */,
				B8C35E4A28EBDF34001EDE20 /* Products */,
			);
			sourceTree = "<group>";
		};
		B8C35E4A28EBDF34001EDE20 /* Products */ = {
			isa = PBXGroup;
			children = (
				B8C35E4928EBDF34001EDE20 /* EcommerceGymApplication.app */,
				B8C35E5928EBDF37001EDE20 /* EcommerceGymApplicationTests.xctest */,
				B8C35E6328EBDF37001EDE20 /* EcommerceGymApplicationUITests.xctest */,
			);
			name = Products;
			sourceTree = "<group>";
		};
		B8C35E4B28EBDF34001EDE20 /* EcommerceGymApplication */ = {
			isa = PBXGroup;
			children = (
				B8488A1128ED5F800052531F /* GoogleService-Info.plist */,
				B8488A0B28ED4E140052531F /* Info.plist */,
				B8C35E7B28EBE988001EDE20 /* Model */,
				B8C35E7828EBE264001EDE20 /* HomeScreenViews */,
				B8C35E4C28EBDF34001EDE20 /* EcommerceGymApplicationApp.swift */,
				B8C35E8828EC4326001EDE20 /* SplashScreen.swift */,
				B8C35E7628EBE1FD001EDE20 /* OnBoardingScreenView.swift */,
				B8C35E4E28EBDF34001EDE20 /* ContentView.swift */,
				B8C35E5028EBDF37001EDE20 /* Assets.xcassets */,
				B8C35E5228EBDF37001EDE20 /* Preview Content */,
			);
			path = EcommerceGymApplication;
			sourceTree = "<group>";
		};
		B8C35E5228EBDF37001EDE20 /* Preview Content */ = {
			isa = PBXGroup;
			children = (
				B8C35E5328EBDF37001EDE20 /* Preview Assets.xcassets */,
			);
			path = "Preview Content";
			sourceTree = "<group>";
		};
		B8C35E5C28EBDF37001EDE20 /* EcommerceGymApplicationTests */ = {
			isa = PBXGroup;
			children = (
				B8C35E5D28EBDF37001EDE20 /* EcommerceGymApplicationTests.swift */,
			);
			path = EcommerceGymApplicationTests;
			sourceTree = "<group>";
		};
		B8C35E6628EBDF37001EDE20 /* EcommerceGymApplicationUITests */ = {
			isa = PBXGroup;
			children = (
				B8C35E6728EBDF37001EDE20 /* EcommerceGymApplicationUITests.swift */,
				B8C35E6928EBDF37001EDE20 /* EcommerceGymApplicationUITestsLaunchTests.swift */,
			);
			path = EcommerceGymApplicationUITests;
			sourceTree = "<group>";
		};
		B8C35E7828EBE264001EDE20 /* HomeScreenViews */ = {
			isa = PBXGroup;
			children = (
				B8C35E7928EBE288001EDE20 /* HomeScreen.swift */,
				B8C35E8028EBEB89001EDE20 /* FruitCard.swift */,
				B8C35E8228EBF18A001EDE20 /* DetailsView.swift */,
				B8C35E8428EBF1D2001EDE20 /* HoriZontalScrollView.swift */,
				B8C35E8628EC0334001EDE20 /* VerticalScrollView.swift */,
			);
			path = HomeScreenViews;
			sourceTree = "<group>";
		};
		B8C35E7B28EBE988001EDE20 /* Model */ = {
			isa = PBXGroup;
			children = (
				B8C35E7C28EBE9A9001EDE20 /* ImageData.swift */,
				B8C35E7E28EBE9BB001EDE20 /* NearYouData.swift */,
			);
			path = Model;
			sourceTree = "<group>";
		};
/* End PBXGroup section */

/* Begin PBXNativeTarget section */
		B8C35E4828EBDF34001EDE20 /* EcommerceGymApplication */ = {
			isa = PBXNativeTarget;
			buildConfigurationList = B8C35E6D28EBDF37001EDE20 /* Build configuration list for PBXNativeTarget "EcommerceGymApplication" */;
			buildPhases = (
				B8C35E4528EBDF34001EDE20 /* Sources */,
				B8C35E4628EBDF34001EDE20 /* Frameworks */,
				B8C35E4728EBDF34001EDE20 /* Resources */,
			);
			buildRules = (
			);
			dependencies = (
			);
			name = EcommerceGymApplication;
			packageProductDependencies = (
				B84889F328EC70080052531F /* FirebaseAnalyticsWithoutAdIdSupport */,
				B84889F528EC70080052531F /* FirebaseAuth */,
				B84889F728EC70080052531F /* FirebaseDatabase */,
				B84889F928EC70080052531F /* FirebaseDatabaseSwift */,
				B84889FB28EC70080052531F /* FirebaseDynamicLinks */,
				B84889FD28EC70080052531F /* FirebaseFirestore */,
				B84889FF28EC70080052531F /* FirebaseFirestoreSwift */,
				B8488A0128EC70080052531F /* FirebaseInAppMessaging-Beta */,
				B8488A0328EC70080052531F /* FirebaseInAppMessagingSwift-Beta */,
				B8488A0528EC70080052531F /* FirebaseMessaging */,
				B8488A0728EC70080052531F /* FirebaseStorage */,
				B8488A0928EC70080052531F /* FirebaseStorageCombine-Community */,
				B8488A0D28ED4FCC0052531F /* GoogleSignIn */,
				B8488A0F28ED4FCC0052531F /* GoogleSignInSwift */,
			);
			productName = EcommerceGymApplication;
			productReference = B8C35E4928EBDF34001EDE20 /* EcommerceGymApplication.app */;
			productType = "com.apple.product-type.application";
		};
		B8C35E5828EBDF37001EDE20 /* EcommerceGymApplicationTests */ = {
			isa = PBXNativeTarget;
			buildConfigurationList = B8C35E7028EBDF37001EDE20 /* Build configuration list for PBXNativeTarget "EcommerceGymApplicationTests" */;
			buildPhases = (
				B8C35E5528EBDF37001EDE20 /* Sources */,
				B8C35E5628EBDF37001EDE20 /* Frameworks */,
				B8C35E5728EBDF37001EDE20 /* Resources */,
			);
			buildRules = (
			);
			dependencies = (
				B8C35E5B28EBDF37001EDE20 /* PBXTargetDependency */,
			);
			name = EcommerceGymApplicationTests;
			productName = EcommerceGymApplicationTests;
			productReference = B8C35E5928EBDF37001EDE20 /* EcommerceGymApplicationTests.xctest */;
			productType = "com.apple.product-type.bundle.unit-test";
		};
		B8C35E6228EBDF37001EDE20 /* EcommerceGymApplicationUITests */ = {
			isa = PBXNativeTarget;
			buildConfigurationList = B8C35E7328EBDF37001EDE20 /* Build configuration list for PBXNativeTarget "EcommerceGymApplicationUITests" */;
			buildPhases = (
				B8C35E5F28EBDF37001EDE20 /* Sources */,
				B8C35E6028EBDF37001EDE20 /* Frameworks */,
				B8C35E6128EBDF37001EDE20 /* Resources */,
			);
			buildRules = (
			);
			dependencies = (
				B8C35E6528EBDF37001EDE20 /* PBXTargetDependency */,
			);
			name = EcommerceGymApplicationUITests;
			productName = EcommerceGymApplicationUITests;
			productReference = B8C35E6328EBDF37001EDE20 /* EcommerceGymApplicationUITests.xctest */;
			productType = "com.apple.product-type.bundle.ui-testing";
		};
/* End PBXNativeTarget section */

/* Begin PBXProject section */
		B8C35E4128EBDF33001EDE20 /* Project object */ = {
			isa = PBXProject;
			attributes = {
				BuildIndependentTargetsInParallel = 1;
				LastSwiftUpdateCheck = 1340;
				LastUpgradeCheck = 1340;
				TargetAttributes = {
					B8C35E4828EBDF34001EDE20 = {
						CreatedOnToolsVersion = 13.4.1;
					};
					B8C35E5828EBDF37001EDE20 = {
						CreatedOnToolsVersion = 13.4.1;
						TestTargetID = B8C35E4828EBDF34001EDE20;
					};
					B8C35E6228EBDF37001EDE20 = {
						CreatedOnToolsVersion = 13.4.1;
						TestTargetID = B8C35E4828EBDF34001EDE20;
					};
				};
			};
			buildConfigurationList = B8C35E4428EBDF33001EDE20 /* Build configuration list for PBXProject "EcommerceGymApplication" */;
			compatibilityVersion = "Xcode 13.0";
			developmentRegion = en;
			hasScannedForEncodings = 0;
			knownRegions = (
				en,
				Base,
			);
			mainGroup = B8C35E4028EBDF33001EDE20;
			packageReferences = (
				B84889F228EC70080052531F /* XCRemoteSwiftPackageReference "firebase-ios-sdk" */,
				B8488A0C28ED4FCC0052531F /* XCRemoteSwiftPackageReference "GoogleSignIn-iOS" */,
			);
			productRefGroup = B8C35E4A28EBDF34001EDE20 /* Products */;
			projectDirPath = "";
			projectRoot = "";
			targets = (
				B8C35E4828EBDF34001EDE20 /* EcommerceGymApplication */,
				B8C35E5828EBDF37001EDE20 /* EcommerceGymApplicationTests */,
				B8C35E6228EBDF37001EDE20 /* EcommerceGymApplicationUITests */,
			);
		};
/* End PBXProject section */

/* Begin PBXResourcesBuildPhase section */
		B8C35E4728EBDF34001EDE20 /* Resources */ = {
			isa = PBXResourcesBuildPhase;
			buildActionMask = 2147483647;
			files = (
				B8C35E5428EBDF37001EDE20 /* Preview Assets.xcassets in Resources */,
				B8C35E5128EBDF37001EDE20 /* Assets.xcassets in Resources */,
				B8488A1228ED5F800052531F /* GoogleService-Info.plist in Resources */,
			);
			runOnlyForDeploymentPostprocessing = 0;
		};
		B8C35E5728EBDF37001EDE20 /* Resources */ = {
			isa = PBXResourcesBuildPhase;
			buildActionMask = 2147483647;
			files = (
			);
			runOnlyForDeploymentPostprocessing = 0;
		};
		B8C35E6128EBDF37001EDE20 /* Resources */ = {
			isa = PBXResourcesBuildPhase;
			buildActionMask = 2147483647;
			files = (
			);
			runOnlyForDeploymentPostprocessing = 0;
		};
/* End PBXResourcesBuildPhase section */

/* Begin PBXSourcesBuildPhase section */
		B8C35E4528EBDF34001EDE20 /* Sources */ = {
			isa = PBXSourcesBuildPhase;
			buildActionMask = 2147483647;
			files = (
				B8C35E8128EBEB89001EDE20 /* FruitCard.swift in Sources */,
				B8C35E7A28EBE288001EDE20 /* HomeScreen.swift in Sources */,
				B8C35E8528EBF1D3001EDE20 /* HoriZontalScrollView.swift in Sources */,
				B8C35E7F28EBE9BB001EDE20 /* NearYouData.swift in Sources */,
				B8C35E4F28EBDF34001EDE20 /* ContentView.swift in Sources */,
				B8C35E7728EBE1FE001EDE20 /* OnBoardingScreenView.swift in Sources */,
				B8C35E8928EC4326001EDE20 /* SplashScreen.swift in Sources */,
				B8C35E8328EBF18A001EDE20 /* DetailsView.swift in Sources */,
				B8C35E7D28EBE9A9001EDE20 /* ImageData.swift in Sources */,
				B8C35E4D28EBDF34001EDE20 /* EcommerceGymApplicationApp.swift in Sources */,
				B8C35E8728EC0334001EDE20 /* VerticalScrollView.swift in Sources */,
			);
			runOnlyForDeploymentPostprocessing = 0;
		};
		B8C35E5528EBDF37001EDE20 /* Sources */ = {
			isa = PBXSourcesBuildPhase;
			buildActionMask = 2147483647;
			files = (
				B8C35E5E28EBDF37001EDE20 /* EcommerceGymApplicationTests.swift in Sources */,
			);
			runOnlyForDeploymentPostprocessing = 0;
		};
		B8C35E5F28EBDF37001EDE20 /* Sources */ = {
			isa = PBXSourcesBuildPhase;
			buildActionMask = 2147483647;
			files = (
				B8C35E6A28EBDF37001EDE20 /* EcommerceGymApplicationUITestsLaunchTests.swift in Sources */,
				B8C35E6828EBDF37001EDE20 /* EcommerceGymApplicationUITests.swift in Sources */,
			);
			runOnlyForDeploymentPostprocessing = 0;
		};
/* End PBXSourcesBuildPhase section */

/* Begin PBXTargetDependency section */
		B8C35E5B28EBDF37001EDE20 /* PBXTargetDependency */ = {
			isa = PBXTargetDependency;
			target = B8C35E4828EBDF34001EDE20 /* EcommerceGymApplication */;
			targetProxy = B8C35E5A28EBDF37001EDE20 /* PBXContainerItemProxy */;
		};
		B8C35E6528EBDF37001EDE20 /* PBXTargetDependency */ = {
			isa = PBXTargetDependency;
			target = B8C35E4828EBDF34001EDE20 /* EcommerceGymApplication */;
			targetProxy = B8C35E6428EBDF37001EDE20 /* PBXContainerItemProxy */;
		};
/* End PBXTargetDependency section */

/* Begin XCBuildConfiguration section */
		B8C35E6B28EBDF37001EDE20 /* Debug */ = {
			isa = XCBuildConfiguration;
			buildSettings = {
				ALWAYS_SEARCH_USER_PATHS = NO;
				CLANG_ANALYZER_NONNULL = YES;
				CLANG_ANALYZER_NUMBER_OBJECT_CONVERSION = YES_AGGRESSIVE;
				CLANG_CXX_LANGUAGE_STANDARD = "gnu++17";
				CLANG_ENABLE_MODULES = YES;
				CLANG_ENABLE_OBJC_ARC = YES;
				CLANG_ENABLE_OBJC_WEAK = YES;
				CLANG_WARN_BLOCK_CAPTURE_AUTORELEASING = YES;
				CLANG_WARN_BOOL_CONVERSION = YES;
				CLANG_WARN_COMMA = YES;
				CLANG_WARN_CONSTANT_CONVERSION = YES;
				CLANG_WARN_DEPRECATED_OBJC_IMPLEMENTATIONS = YES;
				CLANG_WARN_DIRECT_OBJC_ISA_USAGE = YES_ERROR;
				CLANG_WARN_DOCUMENTATION_COMMENTS = YES;
				CLANG_WARN_EMPTY_BODY = YES;
				CLANG_WARN_ENUM_CONVERSION = YES;
				CLANG_WARN_INFINITE_RECURSION = YES;
				CLANG_WARN_INT_CONVERSION = YES;
				CLANG_WARN_NON_LITERAL_NULL_CONVERSION = YES;
				CLANG_WARN_OBJC_IMPLICIT_RETAIN_SELF = YES;
				CLANG_WARN_OBJC_LITERAL_CONVERSION = YES;
				CLANG_WARN_OBJC_ROOT_CLASS = YES_ERROR;
				CLANG_WARN_QUOTED_INCLUDE_IN_FRAMEWORK_HEADER = YES;
				CLANG_WARN_RANGE_LOOP_ANALYSIS = YES;
				CLANG_WARN_STRICT_PROTOTYPES = YES;
				CLANG_WARN_SUSPICIOUS_MOVE = YES;
				CLANG_WARN_UNGUARDED_AVAILABILITY = YES_AGGRESSIVE;
				CLANG_WARN_UNREACHABLE_CODE = YES;
				CLANG_WARN__DUPLICATE_METHOD_MATCH = YES;
				COPY_PHASE_STRIP = NO;
				DEBUG_INFORMATION_FORMAT = dwarf;
				ENABLE_STRICT_OBJC_MSGSEND = YES;
				ENABLE_TESTABILITY = YES;
				GCC_C_LANGUAGE_STANDARD = gnu11;
				GCC_DYNAMIC_NO_PIC = NO;
				GCC_NO_COMMON_BLOCKS = YES;
				GCC_OPTIMIZATION_LEVEL = 0;
				GCC_PREPROCESSOR_DEFINITIONS = (
					"DEBUG=1",
					"$(inherited)",
				);
				GCC_WARN_64_TO_32_BIT_CONVERSION = YES;
				GCC_WARN_ABOUT_RETURN_TYPE = YES_ERROR;
				GCC_WARN_UNDECLARED_SELECTOR = YES;
				GCC_WARN_UNINITIALIZED_AUTOS = YES_AGGRESSIVE;
				GCC_WARN_UNUSED_FUNCTION = YES;
				GCC_WARN_UNUSED_VARIABLE = YES;
				IPHONEOS_DEPLOYMENT_TARGET = 15.5;
				MTL_ENABLE_DEBUG_INFO = INCLUDE_SOURCE;
				MTL_FAST_MATH = YES;
				ONLY_ACTIVE_ARCH = YES;
				SDKROOT = iphoneos;
				SWIFT_ACTIVE_COMPILATION_CONDITIONS = DEBUG;
				SWIFT_OPTIMIZATION_LEVEL = "-Onone";
			};
			name = Debug;
		};
		B8C35E6C28EBDF37001EDE20 /* Release */ = {
			isa = XCBuildConfiguration;
			buildSettings = {
				ALWAYS_SEARCH_USER_PATHS = NO;
				CLANG_ANALYZER_NONNULL = YES;
				CLANG_ANALYZER_NUMBER_OBJECT_CONVERSION = YES_AGGRESSIVE;
				CLANG_CXX_LANGUAGE_STANDARD = "gnu++17";
				CLANG_ENABLE_MODULES = YES;
				CLANG_ENABLE_OBJC_ARC = YES;
				CLANG_ENABLE_OBJC_WEAK = YES;
				CLANG_WARN_BLOCK_CAPTURE_AUTORELEASING = YES;
				CLANG_WARN_BOOL_CONVERSION = YES;
				CLANG_WARN_COMMA = YES;
				CLANG_WARN_CONSTANT_CONVERSION = YES;
				CLANG_WARN_DEPRECATED_OBJC_IMPLEMENTATIONS = YES;
				CLANG_WARN_DIRECT_OBJC_ISA_USAGE = YES_ERROR;
				CLANG_WARN_DOCUMENTATION_COMMENTS = YES;
				CLANG_WARN_EMPTY_BODY = YES;
				CLANG_WARN_ENUM_CONVERSION = YES;
				CLANG_WARN_INFINITE_RECURSION = YES;
				CLANG_WARN_INT_CONVERSION = YES;
				CLANG_WARN_NON_LITERAL_NULL_CONVERSION = YES;
				CLANG_WARN_OBJC_IMPLICIT_RETAIN_SELF = YES;
				CLANG_WARN_OBJC_LITERAL_CONVERSION = YES;
				CLANG_WARN_OBJC_ROOT_CLASS = YES_ERROR;
				CLANG_WARN_QUOTED_INCLUDE_IN_FRAMEWORK_HEADER = YES;
				CLANG_WARN_RANGE_LOOP_ANALYSIS = YES;
				CLANG_WARN_STRICT_PROTOTYPES = YES;
				CLANG_WARN_SUSPICIOUS_MOVE = YES;
				CLANG_WARN_UNGUARDED_AVAILABILITY = YES_AGGRESSIVE;
				CLANG_WARN_UNREACHABLE_CODE = YES;
				CLANG_WARN__DUPLICATE_METHOD_MATCH = YES;
				COPY_PHASE_STRIP = NO;
				DEBUG_INFORMATION_FORMAT = "dwarf-with-dsym";
				ENABLE_NS_ASSERTIONS = NO;
				ENABLE_STRICT_OBJC_MSGSEND = YES;
				GCC_C_LANGUAGE_STANDARD = gnu11;
				GCC_NO_COMMON_BLOCKS = YES;
				GCC_WARN_64_TO_32_BIT_CONVERSION = YES;
				GCC_WARN_ABOUT_RETURN_TYPE = YES_ERROR;
				GCC_WARN_UNDECLARED_SELECTOR = YES;
				GCC_WARN_UNINITIALIZED_AUTOS = YES_AGGRESSIVE;
				GCC_WARN_UNUSED_FUNCTION = YES;
				GCC_WARN_UNUSED_VARIABLE = YES;
				IPHONEOS_DEPLOYMENT_TARGET = 15.5;
				MTL_ENABLE_DEBUG_INFO = NO;
				MTL_FAST_MATH = YES;
				SDKROOT = iphoneos;
				SWIFT_COMPILATION_MODE = wholemodule;
				SWIFT_OPTIMIZATION_LEVEL = "-O";
				VALIDATE_PRODUCT = YES;
			};
			name = Release;
		};
		B8C35E6E28EBDF37001EDE20 /* Debug */ = {
			isa = XCBuildConfiguration;
			buildSettings = {
				ASSETCATALOG_COMPILER_APPICON_NAME = AppIcon;
				ASSETCATALOG_COMPILER_GLOBAL_ACCENT_COLOR_NAME = AccentColor;
				CODE_SIGN_STYLE = Automatic;
				CURRENT_PROJECT_VERSION = 1;
				DEVELOPMENT_ASSET_PATHS = "\"EcommerceGymApplication/Preview Content\"";
				ENABLE_PREVIEWS = YES;
				GENERATE_INFOPLIST_FILE = YES;
				INFOPLIST_FILE = EcommerceGymApplication/Info.plist;
				INFOPLIST_KEY_UIApplicationSceneManifest_Generation = YES;
				INFOPLIST_KEY_UIApplicationSupportsIndirectInputEvents = YES;
				INFOPLIST_KEY_UILaunchScreen_Generation = YES;
				INFOPLIST_KEY_UISupportedInterfaceOrientations_iPad = "UIInterfaceOrientationPortrait UIInterfaceOrientationPortraitUpsideDown UIInterfaceOrientationLandscapeLeft UIInterfaceOrientationLandscapeRight";
				INFOPLIST_KEY_UISupportedInterfaceOrientations_iPhone = "UIInterfaceOrientationPortrait UIInterfaceOrientationLandscapeLeft UIInterfaceOrientationLandscapeRight";
				LD_RUNPATH_SEARCH_PATHS = (
					"$(inherited)",
					"@executable_path/Frameworks",
				);
				MARKETING_VERSION = 1.0;
				PRODUCT_BUNDLE_IDENTIFIER = com.asquare.ecommercegym;
				PRODUCT_NAME = "$(TARGET_NAME)";
				SWIFT_EMIT_LOC_STRINGS = YES;
				SWIFT_VERSION = 5.0;
				TARGETED_DEVICE_FAMILY = "1,2";
			};
			name = Debug;
		};
		B8C35E6F28EBDF37001EDE20 /* Release */ = {
			isa = XCBuildConfiguration;
			buildSettings = {
				ASSETCATALOG_COMPILER_APPICON_NAME = AppIcon;
				ASSETCATALOG_COMPILER_GLOBAL_ACCENT_COLOR_NAME = AccentColor;
				CODE_SIGN_STYLE = Automatic;
				CURRENT_PROJECT_VERSION = 1;
				DEVELOPMENT_ASSET_PATHS = "\"EcommerceGymApplication/Preview Content\"";
				ENABLE_PREVIEWS = YES;
				GENERATE_INFOPLIST_FILE = YES;
				INFOPLIST_FILE = EcommerceGymApplication/Info.plist;
				INFOPLIST_KEY_UIApplicationSceneManifest_Generation = YES;
				INFOPLIST_KEY_UIApplicationSupportsIndirectInputEvents = YES;
				INFOPLIST_KEY_UILaunchScreen_Generation = YES;
				INFOPLIST_KEY_UISupportedInterfaceOrientations_iPad = "UIInterfaceOrientationPortrait UIInterfaceOrientationPortraitUpsideDown UIInterfaceOrientationLandscapeLeft UIInterfaceOrientationLandscapeRight";
				INFOPLIST_KEY_UISupportedInterfaceOrientations_iPhone = "UIInterfaceOrientationPortrait UIInterfaceOrientationLandscapeLeft UIInterfaceOrientationLandscapeRight";
				LD_RUNPATH_SEARCH_PATHS = (
					"$(inherited)",
					"@executable_path/Frameworks",
				);
				MARKETING_VERSION = 1.0;
				PRODUCT_BUNDLE_IDENTIFIER = com.asquare.ecommercegym;
				PRODUCT_NAME = "$(TARGET_NAME)";
				SWIFT_EMIT_LOC_STRINGS = YES;
				SWIFT_VERSION = 5.0;
				TARGETED_DEVICE_FAMILY = "1,2";
			};
			name = Release;
		};
		B8C35E7128EBDF37001EDE20 /* Debug */ = {
			isa = XCBuildConfiguration;
			buildSettings = {
				ALWAYS_EMBED_SWIFT_STANDARD_LIBRARIES = YES;
				BUNDLE_LOADER = "$(TEST_HOST)";
				CODE_SIGN_STYLE = Automatic;
				CURRENT_PROJECT_VERSION = 1;
				GENERATE_INFOPLIST_FILE = YES;
				IPHONEOS_DEPLOYMENT_TARGET = 15.5;
				MARKETING_VERSION = 1.0;
				PRODUCT_BUNDLE_IDENTIFIER = com.asquare.ecommercegym.EcommerceGymApplicationTests;
				PRODUCT_NAME = "$(TARGET_NAME)";
				SWIFT_EMIT_LOC_STRINGS = NO;
				SWIFT_VERSION = 5.0;
				TARGETED_DEVICE_FAMILY = "1,2";
				TEST_HOST = "$(BUILT_PRODUCTS_DIR)/EcommerceGymApplication.app/EcommerceGymApplication";
			};
			name = Debug;
		};
		B8C35E7228EBDF37001EDE20 /* Release */ = {
			isa = XCBuildConfiguration;
			buildSettings = {
				ALWAYS_EMBED_SWIFT_STANDARD_LIBRARIES = YES;
				BUNDLE_LOADER = "$(TEST_HOST)";
				CODE_SIGN_STYLE = Automatic;
				CURRENT_PROJECT_VERSION = 1;
				GENERATE_INFOPLIST_FILE = YES;
				IPHONEOS_DEPLOYMENT_TARGET = 15.5;
				MARKETING_VERSION = 1.0;
				PRODUCT_BUNDLE_IDENTIFIER = com.asquare.ecommercegym.EcommerceGymApplicationTests;
				PRODUCT_NAME = "$(TARGET_NAME)";
				SWIFT_EMIT_LOC_STRINGS = NO;
				SWIFT_VERSION = 5.0;
				TARGETED_DEVICE_FAMILY = "1,2";
				TEST_HOST = "$(BUILT_PRODUCTS_DIR)/EcommerceGymApplication.app/EcommerceGymApplication";
			};
			name = Release;
		};
		B8C35E7428EBDF37001EDE20 /* Debug */ = {
			isa = XCBuildConfiguration;
			buildSettings = {
				ALWAYS_EMBED_SWIFT_STANDARD_LIBRARIES = YES;
				CODE_SIGN_STYLE = Automatic;
				CURRENT_PROJECT_VERSION = 1;
				GENERATE_INFOPLIST_FILE = YES;
				MARKETING_VERSION = 1.0;
				PRODUCT_BUNDLE_IDENTIFIER = com.asquare.ecommercegym.EcommerceGymApplicationUITests;
				PRODUCT_NAME = "$(TARGET_NAME)";
				SWIFT_EMIT_LOC_STRINGS = NO;
				SWIFT_VERSION = 5.0;
				TARGETED_DEVICE_FAMILY = "1,2";
				TEST_TARGET_NAME = EcommerceGymApplication;
			};
			name = Debug;
		};
		B8C35E7528EBDF37001EDE20 /* Release */ = {
			isa = XCBuildConfiguration;
			buildSettings = {
				ALWAYS_EMBED_SWIFT_STANDARD_LIBRARIES = YES;
				CODE_SIGN_STYLE = Automatic;
				CURRENT_PROJECT_VERSION = 1;
				GENERATE_INFOPLIST_FILE = YES;
				MARKETING_VERSION = 1.0;
				PRODUCT_BUNDLE_IDENTIFIER = com.asquare.ecommercegym.EcommerceGymApplicationUITests;
				PRODUCT_NAME = "$(TARGET_NAME)";
				SWIFT_EMIT_LOC_STRINGS = NO;
				SWIFT_VERSION = 5.0;
				TARGETED_DEVICE_FAMILY = "1,2";
				TEST_TARGET_NAME = EcommerceGymApplication;
			};
			name = Release;
		};
/* End XCBuildConfiguration section */

/* Begin XCConfigurationList section */
		B8C35E4428EBDF33001EDE20 /* Build configuration list for PBXProject "EcommerceGymApplication" */ = {
			isa = XCConfigurationList;
			buildConfigurations = (
				B8C35E6B28EBDF37001EDE20 /* Debug */,
				B8C35E6C28EBDF37001EDE20 /* Release */,
			);
			defaultConfigurationIsVisible = 0;
			defaultConfigurationName = Release;
		};
		B8C35E6D28EBDF37001EDE20 /* Build configuration list for PBXNativeTarget "EcommerceGymApplication" */ = {
			isa = XCConfigurationList;
			buildConfigurations = (
				B8C35E6E28EBDF37001EDE20 /* Debug */,
				B8C35E6F28EBDF37001EDE20 /* Release */,
			);
			defaultConfigurationIsVisible = 0;
			defaultConfigurationName = Release;
		};
		B8C35E7028EBDF37001EDE20 /* Build configuration list for PBXNativeTarget "EcommerceGymApplicationTests" */ = {
			isa = XCConfigurationList;
			buildConfigurations = (
				B8C35E7128EBDF37001EDE20 /* Debug */,
				B8C35E7228EBDF37001EDE20 /* Release */,
			);
			defaultConfigurationIsVisible = 0;
			defaultConfigurationName = Release;
		};
		B8C35E7328EBDF37001EDE20 /* Build configuration list for PBXNativeTarget "EcommerceGymApplicationUITests" */ = {
			isa = XCConfigurationList;
			buildConfigurations = (
				B8C35E7428EBDF37001EDE20 /* Debug */,
				B8C35E7528EBDF37001EDE20 /* Release */,
			);
			defaultConfigurationIsVisible = 0;
			defaultConfigurationName = Release;
		};
/* End XCConfigurationList section */

/* Begin XCRemoteSwiftPackageReference section */
		B84889F228EC70080052531F /* XCRemoteSwiftPackageReference "firebase-ios-sdk" */ = {
			isa = XCRemoteSwiftPackageReference;
			repositoryURL = "https://github.com/firebase/firebase-ios-sdk";
			requirement = {
				kind = upToNextMajorVersion;
				minimumVersion = 9.0.0;
			};
		};
		B8488A0C28ED4FCC0052531F /* XCRemoteSwiftPackageReference "GoogleSignIn-iOS" */ = {
			isa = XCRemoteSwiftPackageReference;
			repositoryURL = "https://github.com/google/GoogleSignIn-iOS";
			requirement = {
				kind = upToNextMajorVersion;
				minimumVersion = 6.0.0;
			};
		};
/* End XCRemoteSwiftPackageReference section */

/* Begin XCSwiftPackageProductDependency section */
		B84889F328EC70080052531F /* FirebaseAnalyticsWithoutAdIdSupport */ = {
			isa = XCSwiftPackageProductDependency;
			package = B84889F228EC70080052531F /* XCRemoteSwiftPackageReference "firebase-ios-sdk" */;
			productName = FirebaseAnalyticsWithoutAdIdSupport;
		};
		B84889F528EC70080052531F /* FirebaseAuth */ = {
			isa = XCSwiftPackageProductDependency;
			package = B84889F228EC70080052531F /* XCRemoteSwiftPackageReference "firebase-ios-sdk" */;
			productName = FirebaseAuth;
		};
		B84889F728EC70080052531F /* FirebaseDatabase */ = {
			isa = XCSwiftPackageProductDependency;
			package = B84889F228EC70080052531F /* XCRemoteSwiftPackageReference "firebase-ios-sdk" */;
			productName = FirebaseDatabase;
		};
		B84889F928EC70080052531F /* FirebaseDatabaseSwift */ = {
			isa = XCSwiftPackageProductDependency;
			package = B84889F228EC70080052531F /* XCRemoteSwiftPackageReference "firebase-ios-sdk" */;
			productName = FirebaseDatabaseSwift;
		};
		B84889FB28EC70080052531F /* FirebaseDynamicLinks */ = {
			isa = XCSwiftPackageProductDependency;
			package = B84889F228EC70080052531F /* XCRemoteSwiftPackageReference "firebase-ios-sdk" */;
			productName = FirebaseDynamicLinks;
		};
		B84889FD28EC70080052531F /* FirebaseFirestore */ = {
			isa = XCSwiftPackageProductDependency;
			package = B84889F228EC70080052531F /* XCRemoteSwiftPackageReference "firebase-ios-sdk" */;
			productName = FirebaseFirestore;
		};
		B84889FF28EC70080052531F /* FirebaseFirestoreSwift */ = {
			isa = XCSwiftPackageProductDependency;
			package = B84889F228EC70080052531F /* XCRemoteSwiftPackageReference "firebase-ios-sdk" */;
			productName = FirebaseFirestoreSwift;
		};
		B8488A0128EC70080052531F /* FirebaseInAppMessaging-Beta */ = {
			isa = XCSwiftPackageProductDependency;
			package = B84889F228EC70080052531F /* XCRemoteSwiftPackageReference "firebase-ios-sdk" */;
			productName = "FirebaseInAppMessaging-Beta";
		};
		B8488A0328EC70080052531F /* FirebaseInAppMessagingSwift-Beta */ = {
			isa = XCSwiftPackageProductDependency;
			package = B84889F228EC70080052531F /* XCRemoteSwiftPackageReference "firebase-ios-sdk" */;
			productName = "FirebaseInAppMessagingSwift-Beta";
		};
		B8488A0528EC70080052531F /* FirebaseMessaging */ = {
			isa = XCSwiftPackageProductDependency;
			package = B84889F228EC70080052531F /* XCRemoteSwiftPackageReference "firebase-ios-sdk" */;
			productName = FirebaseMessaging;
		};
		B8488A0728EC70080052531F /* FirebaseStorage */ = {
			isa = XCSwiftPackageProductDependency;
			package = B84889F228EC70080052531F /* XCRemoteSwiftPackageReference "firebase-ios-sdk" */;
			productName = FirebaseStorage;
		};
		B8488A0928EC70080052531F /* FirebaseStorageCombine-Community */ = {
			isa = XCSwiftPackageProductDependency;
			package = B84889F228EC70080052531F /* XCRemoteSwiftPackageReference "firebase-ios-sdk" */;
			productName = "FirebaseStorageCombine-Community";
		};
		B8488A0D28ED4FCC0052531F /* GoogleSignIn */ = {
			isa = XCSwiftPackageProductDependency;
			package = B8488A0C28ED4FCC0052531F /* XCRemoteSwiftPackageReference "GoogleSignIn-iOS" */;
			productName = GoogleSignIn;
		};
		B8488A0F28ED4FCC0052531F /* GoogleSignInSwift */ = {
			isa = XCSwiftPackageProductDependency;
			package = B8488A0C28ED4FCC0052531F /* XCRemoteSwiftPackageReference "GoogleSignIn-iOS" */;
			productName = GoogleSignInSwift;
		};
/* End XCSwiftPackageProductDependency section */
	};
	rootObject = B8C35E4128EBDF33001EDE20 /* Project object */;
}
